// !$*UTF8*$!
{
	archiveVersion = 1;
	classes = {
	};
	objectVersion = 46;
	objects = {

/* Begin PBXBuildFile section */
		76FFB6C91C2705C70074C8B6 /* AppDelegate.swift in Sources */ = {isa = PBXBuildFile; fileRef = 76FFB6C81C2705C70074C8B6 /* AppDelegate.swift */; };
		76FFB6CB1C2705C70074C8B6 /* ViewController.swift in Sources */ = {isa = PBXBuildFile; fileRef = 76FFB6CA1C2705C70074C8B6 /* ViewController.swift */; };
		76FFB6CE1C2705C70074C8B6 /* Main.storyboard in Resources */ = {isa = PBXBuildFile; fileRef = 76FFB6CC1C2705C70074C8B6 /* Main.storyboard */; };
		76FFB6D01C2705C70074C8B6 /* Assets.xcassets in Resources */ = {isa = PBXBuildFile; fileRef = 76FFB6CF1C2705C70074C8B6 /* Assets.xcassets */; };
		76FFB6D31C2705C70074C8B6 /* LaunchScreen.storyboard in Resources */ = {isa = PBXBuildFile; fileRef = 76FFB6D11C2705C70074C8B6 /* LaunchScreen.storyboard */; };
/* End PBXBuildFile section */

/* Begin PBXFileReference section */
		76FFB6C51C2705C70074C8B6 /* AdaptiveWeather.app */ = {isa = PBXFileReference; explicitFileType = wrapper.application; includeInIndex = 0; path = AdaptiveWeather.app; sourceTree = BUILT_PRODUCTS_DIR; };
		76FFB6C81C2705C70074C8B6 /* AppDelegate.swift */ = {isa = PBXFileReference; lastKnownFileType = sourcecode.swift; path = AppDelegate.swift; sourceTree = "<group>"; };
		76FFB6CA1C2705C70074C8B6 /* ViewController.swift */ = {isa = PBXFileReference; lastKnownFileType = sourcecode.swift; path = ViewController.swift; sourceTree = "<group>"; };
		76FFB6CD1C2705C70074C8B6 /* Base */ = {isa = PBXFileReference; lastKnownFileType = file.storyboard; name = Base; path = Base.lproj/Main.storyboard; sourceTree = "<group>"; };
		76FFB6CF1C2705C70074C8B6 /* Assets.xcassets */ = {isa = PBXFileReference; lastKnownFileType = folder.assetcatalog; path = Assets.xcassets; sourceTree = "<group>"; };
		76FFB6D21C2705C70074C8B6 /* Base */ = {isa = PBXFileReference; lastKnownFileType = file.storyboard; name = Base; path = Base.lproj/LaunchScreen.storyboard; sourceTree = "<group>"; };
		76FFB6D41C2705C70074C8B6 /* Info.plist */ = {isa = PBXFileReference; lastKnownFileType = text.plist.xml; path = Info.plist; sourceTree = "<group>"; };
/* End PBXFileReference section */

/* Begin PBXFrameworksBuildPhase section */
		76FFB6C21C2705C70074C8B6 /* Frameworks */ = {
			isa = PBXFrameworksBuildPhase;
			buildActionMask = 2147483647;
			files = (
			);
			runOnlyForDeploymentPostprocessing = 0;
		};
/* End PBXFrameworksBuildPhase section */

/* Begin PBXGroup section */
		76FFB6BC1C2705C70074C8B6 = {
			isa = PBXGroup;
			children = (
				76FFB6C71C2705C70074C8B6 /* AdaptiveWeather */,
				76FFB6C61C2705C70074C8B6 /* Products */,
			);
			sourceTree = "<group>";
		};
		76FFB6C61C2705C70074C8B6 /* Products */ = {
			isa = PBXGroup;
			children = (
				76FFB6C51C2705C70074C8B6 /* AdaptiveWeather.app */,
			);
			name = Products;
			sourceTree = "<group>";
		};
		76FFB6C71C2705C70074C8B6 /* AdaptiveWeather */ = {
			isa = PBXGroup;
			children = (
				76FFB6C81C2705C70074C8B6 /* AppDelegate.swift */,
				76FFB6CA1C2705C70074C8B6 /* ViewController.swift */,
				76FFB6CC1C2705C70074C8B6 /* Main.storyboard */,
				76FFB6CF1C2705C70074C8B6 /* Assets.xcassets */,
				76FFB6D11C2705C70074C8B6 /* LaunchScreen.storyboard */,
				76FFB6D41C2705C70074C8B6 /* Info.plist */,
			);
			path = AdaptiveWeather;
			sourceTree = "<group>";
		};
/* End PBXGroup section */

/* Begin PBXNativeTarget section */
		76FFB6C41C2705C70074C8B6 /* AdaptiveWeather */ = {
			isa = PBXNativeTarget;
			buildConfigurationList = 76FFB6D71C2705C70074C8B6 /* Build configuration list for PBXNativeTarget "AdaptiveWeather" */;
			buildPhases = (
				76FFB6C11C2705C70074C8B6 /* Sources */,
				76FFB6C21C2705C70074C8B6 /* Frameworks */,
				76FFB6C31C2705C70074C8B6 /* Resources */,
			);
			buildRules = (
			);
			dependencies = (
			);
			name = AdaptiveWeather;
			productName = AdaptiveWeather;
			productReference = 76FFB6C51C2705C70074C8B6 /* AdaptiveWeather.app */;
			productType = "com.apple.product-type.application";
		};
/* End PBXNativeTarget section */

/* Begin PBXProject section */
		76FFB6BD1C2705C70074C8B6 /* Project object */ = {
			isa = PBXProject;
			attributes = {
				LastSwiftUpdateCheck = 0720;
				LastUpgradeCheck = 0720;
				ORGANIZATIONNAME = slyak;
				TargetAttributes = {
					76FFB6C41C2705C70074C8B6 = {
						CreatedOnToolsVersion = 7.2;
						DevelopmentTeam = 2WA3LM556V;
					};
				};
			};
			buildConfigurationList = 76FFB6C01C2705C70074C8B6 /* Build configuration list for PBXProject "AdaptiveWeather" */;
			compatibilityVersion = "Xcode 3.2";
			developmentRegion = English;
			hasScannedForEncodings = 0;
			knownRegions = (
				en,
				Base,
			);
			mainGroup = 76FFB6BC1C2705C70074C8B6;
			productRefGroup = 76FFB6C61C2705C70074C8B6 /* Products */;
			projectDirPath = "";
			projectRoot = "";
			targets = (
				76FFB6C41C2705C70074C8B6 /* AdaptiveWeather */,
			);
		};
/* End PBXProject section */

/* Begin PBXResourcesBuildPhase section */
		76FFB6C31C2705C70074C8B6 /* Resources */ = {
			isa = PBXResourcesBuildPhase;
			buildActionMask = 2147483647;
			files = (
				76FFB6D31C2705C70074C8B6 /* LaunchScreen.storyboard in Resources */,
				76FFB6D01C2705C70074C8B6 /* Assets.xcassets in Resources */,
				76FFB6CE1C2705C70074C8B6 /* Main.storyboard in Resources */,
			);
			runOnlyForDeploymentPostprocessing = 0;
		};
/* End PBXResourcesBuildPhase section */

/* Begin PBXSourcesBuildPhase section */
		76FFB6C11C2705C70074C8B6 /* Sources */ = {
			isa = PBXSourcesBuildPhase;
			buildActionMask = 2147483647;
			files = (
				76FFB6CB1C2705C70074C8B6 /* ViewController.swift in Sources */,
				76FFB6C91C2705C70074C8B6 /* AppDelegate.swift in Sources */,
			);
			runOnlyForDeploymentPostprocessing = 0;
		};
/* End PBXSourcesBuildPhase section */

/* Begin PBXVariantGroup section */
		76FFB6CC1C2705C70074C8B6 /* Main.storyboard */ = {
			isa = PBXVariantGroup;
			children = (
				76FFB6CD1C2705C70074C8B6 /* Base */,
			);
			name = Main.storyboard;
			sourceTree = "<group>";
		};
		76FFB6D11C2705C70074C8B6 /* LaunchScreen.storyboard */ = {
			isa = PBXVariantGroup;
			children = (
				76FFB6D21C2705C70074C8B6 /* Base */,
			);
			name = LaunchScreen.storyboard;
			sourceTree = "<group>";
		};
/* End PBXVariantGroup section */

/* Begin XCBuildConfiguration section */
		76FFB6D51C2705C70074C8B6 /* Debug */ = {
			isa = XCBuildConfiguration;
			buildSettings = {
				ALWAYS_SEARCH_USER_PATHS = NO;
				CLANG_CXX_LANGUAGE_STANDARD = "gnu++0x";
				CLANG_CXX_LIBRARY = "libc++";
				CLANG_ENABLE_MODULES = YES;
				CLANG_ENABLE_OBJC_ARC = YES;
				CLANG_WARN_BOOL_CONVERSION = YES;
				CLANG_WARN_CONSTANT_CONVERSION = YES;
				CLANG_WARN_DIRECT_OBJC_ISA_USAGE = YES_ERROR;
				CLANG_WARN_EMPTY_BODY = YES;
				CLANG_WARN_ENUM_CONVERSION = YES;
				CLANG_WARN_INT_CONVERSION = YES;
				CLANG_WARN_OBJC_ROOT_CLASS = YES_ERROR;
				CLANG_WARN_UNREACHABLE_CODE = YES;
				CLANG_WARN__DUPLICATE_METHOD_MATCH = YES;
				"CODE_SIGN_IDENTITY[sdk=iphoneos*]" = "iPhone Developer";
				COPY_PHASE_STRIP = NO;
				DEBUG_INFORMATION_FORMAT = dwarf;
				ENABLE_STRICT_OBJC_MSGSEND = YES;
				ENABLE_TESTABILITY = YES;
				GCC_C_LANGUAGE_STANDARD = gnu99;
				GCC_DYNAMIC_NO_PIC = NO;
				GCC_NO_COMMON_BLOCKS = YES;
				GCC_OPTIMIZATION_LEVEL = 0;
				GCC_PREPROCESSOR_DEFINITIONS = (
					"DEBUG=1",
					"$(inherited)",
				);
				GCC_WARN_64_TO_32_BIT_CONVERSION = YES;
				GCC_WARN_ABOUT_RETURN_TYPE = YES_ERROR;
				GCC_WARN_UNDECLARED_SELECTOR = YES;
				GCC_WARN_UNINITIALIZED_AUTOS = YES_AGGRESSIVE;
				GCC_WARN_UNUSED_FUNCTION = YES;
				GCC_WARN_UNUSED_VARIABLE = YES;
				IPHONEOS_DEPLOYMENT_TARGET = 9.2;
				MTL_ENABLE_DEBUG_INFO = YES;
				ONLY_ACTIVE_ARCH = YES;
				SDKROOT = iphoneos;
				SWIFT_OPTIMIZATION_LEVEL = "-Onone";
				TARGETED_DEVICE_FAMILY = "1,2";
			};
			name = Debug;
		};
		76FFB6D61C2705C70074C8B6 /* Release */ = {
			isa = XCBuildConfiguration;
			buildSettings = {
				ALWAYS_SEARCH_USER_PATHS = NO;
				CLANG_CXX_LANGUAGE_STANDARD = "gnu++0x";
				CLANG_CXX_LIBRARY = "libc++";
				CLANG_ENABLE_MODULES = YES;
				CLANG_ENABLE_OBJC_ARC = YES;
				CLANG_WARN_BOOL_CONVERSION = YES;
				CLANG_WARN_CONSTANT_CONVERSION = YES;
				CLANG_WARN_DIRECT_OBJC_ISA_USAGE = YES_ERROR;
				CLANG_WARN_EMPTY_BODY = YES;
				CLANG_WARN_ENUM_CONVERSION = YES;
				CLANG_WARN_INT_CONVERSION = YES;
				CLANG_WARN_OBJC_ROOT_CLASS = YES_ERROR;
				CLANG_WARN_UNREACHABLE_CODE = YES;
				CLANG_WARN__DUPLICATE_METHOD_MATCH = YES;
				"CODE_SIGN_IDENTITY[sdk=iphoneos*]" = "iPhone Developer";
				COPY_PHASE_STRIP = NO;
				DEBUG_INFORMATION_FORMAT = "dwarf-with-dsym";
				ENABLE_NS_ASSERTIONS = NO;
				ENABLE_STRICT_OBJC_MSGSEND = YES;
				GCC_C_LANGUAGE_STANDARD = gnu99;
				GCC_NO_COMMON_BLOCKS = YES;
				GCC_WARN_64_TO_32_BIT_CONVERSION = YES;
				GCC_WARN_ABOUT_RETURN_TYPE = YES_ERROR;
				GCC_WARN_UNDECLARED_SELECTOR = YES;
				GCC_WARN_UNINITIALIZED_AUTOS = YES_AGGRESSIVE;
				GCC_WARN_UNUSED_FUNCTION = YES;
				GCC_WARN_UNUSED_VARIABLE = YES;
				IPHONEOS_DEPLOYMENT_TARGET = 9.2;
				MTL_ENABLE_DEBUG_INFO = NO;
				SDKROOT = iphoneos;
				TARGETED_DEVICE_FAMILY = "1,2";
				VALIDATE_PRODUCT = YES;
			};
			name = Release;
		};
		76FFB6D81C2705C70074C8B6 /* Debug */ = {
			isa = XCBuildConfiguration;
			buildSettings = {
				ASSETCATALOG_COMPILER_APPICON_NAME = AppIcon;
				INFOPLIST_FILE = AdaptiveWeather/Info.plist;
				LD_RUNPATH_SEARCH_PATHS = "$(inherited) @executable_path/Frameworks";
				PRODUCT_BUNDLE_IDENTIFIER = com.slyak.AdaptiveWeather;
				PRODUCT_NAME = "$(TARGET_NAME)";
			};
			name = Debug;
		};
		76FFB6D91C2705C70074C8B6 /* Release */ = {
			isa = XCBuildConfiguration;
			buildSettings = {
				ASSETCATALOG_COMPILER_APPICON_NAME = AppIcon;
				INFOPLIST_FILE = AdaptiveWeather/Info.plist;
				LD_RUNPATH_SEARCH_PATHS = "$(inherited) @executable_path/Frameworks";
				PRODUCT_BUNDLE_IDENTIFIER = com.slyak.AdaptiveWeather;
				PRODUCT_NAME = "$(TARGET_NAME)";
			};
			name = Release;
		};
/* End XCBuildConfiguration section */

/* Begin XCConfigurationList section */
		76FFB6C01C2705C70074C8B6 /* Build configuration list for PBXProject "AdaptiveWeather" */ = {
			isa = XCConfigurationList;
			buildConfigurations = (
				76FFB6D51C2705C70074C8B6 /* Debug */,
				76FFB6D61C2705C70074C8B6 /* Release */,
			);
			defaultConfigurationIsVisible = 0;
			defaultConfigurationName = Release;
		};
		76FFB6D71C2705C70074C8B6 /* Build configuration list for PBXNativeTarget "AdaptiveWeather" */ = {
			isa = XCConfigurationList;
			buildConfigurations = (
				76FFB6D81C2705C70074C8B6 /* Debug */,
				76FFB6D91C2705C70074C8B6 /* Release */,
			);
			defaultConfigurationIsVisible = 0;
		};
/* End XCConfigurationList section */
	};
	rootObject = 76FFB6BD1C2705C70074C8B6 /* Project object */;
}
