// !$*UTF8*$!
{
	archiveVersion = 1;
	classes = {
	};
	objectVersion = 46;
	objects = {

/* Begin PBXBuildFile section */
		760FCB8A1C0EDFF200D2119A /* CalBtnOrange.swift in Sources */ = {isa = PBXBuildFile; fileRef = 760FCB891C0EDFF200D2119A /* CalBtnOrange.swift */; };
		760FCB8C1C0EE22E00D2119A /* MathButton.swift in Sources */ = {isa = PBXBuildFile; fileRef = 760FCB8B1C0EE22E00D2119A /* MathButton.swift */; };
		765A5E6A1C0E9AB0003BE00B /* AppDelegate.swift in Sources */ = {isa = PBXBuildFile; fileRef = 765A5E691C0E9AB0003BE00B /* AppDelegate.swift */; };
		765A5E6C1C0E9AB0003BE00B /* ViewController.swift in Sources */ = {isa = PBXBuildFile; fileRef = 765A5E6B1C0E9AB0003BE00B /* ViewController.swift */; };
		765A5E6F1C0E9AB0003BE00B /* Main.storyboard in Resources */ = {isa = PBXBuildFile; fileRef = 765A5E6D1C0E9AB0003BE00B /* Main.storyboard */; };
		765A5E711C0E9AB0003BE00B /* Assets.xcassets in Resources */ = {isa = PBXBuildFile; fileRef = 765A5E701C0E9AB0003BE00B /* Assets.xcassets */; };
		765A5E741C0E9AB0003BE00B /* LaunchScreen.storyboard in Resources */ = {isa = PBXBuildFile; fileRef = 765A5E721C0E9AB0003BE00B /* LaunchScreen.storyboard */; };
		765A5E7F1C0E9AB0003BE00B /* CalculatorTests.swift in Sources */ = {isa = PBXBuildFile; fileRef = 765A5E7E1C0E9AB0003BE00B /* CalculatorTests.swift */; };
		765A5E8A1C0E9AB0003BE00B /* CalculatorUITests.swift in Sources */ = {isa = PBXBuildFile; fileRef = 765A5E891C0E9AB0003BE00B /* CalculatorUITests.swift */; };
		765A5E981C0EA066003BE00B /* CalBtn.swift in Sources */ = {isa = PBXBuildFile; fileRef = 765A5E971C0EA066003BE00B /* CalBtn.swift */; };
/* End PBXBuildFile section */

/* Begin PBXContainerItemProxy section */
		765A5E7B1C0E9AB0003BE00B /* PBXContainerItemProxy */ = {
			isa = PBXContainerItemProxy;
			containerPortal = 765A5E5E1C0E9AB0003BE00B /* Project object */;
			proxyType = 1;
			remoteGlobalIDString = 765A5E651C0E9AB0003BE00B;
			remoteInfo = Calculator;
		};
		765A5E861C0E9AB0003BE00B /* PBXContainerItemProxy */ = {
			isa = PBXContainerItemProxy;
			containerPortal = 765A5E5E1C0E9AB0003BE00B /* Project object */;
			proxyType = 1;
			remoteGlobalIDString = 765A5E651C0E9AB0003BE00B;
			remoteInfo = Calculator;
		};
/* End PBXContainerItemProxy section */

/* Begin PBXFileReference section */
		760FCB891C0EDFF200D2119A /* CalBtnOrange.swift */ = {isa = PBXFileReference; fileEncoding = 4; lastKnownFileType = sourcecode.swift; path = CalBtnOrange.swift; sourceTree = "<group>"; };
		760FCB8B1C0EE22E00D2119A /* MathButton.swift */ = {isa = PBXFileReference; fileEncoding = 4; lastKnownFileType = sourcecode.swift; path = MathButton.swift; sourceTree = "<group>"; };
		765A5E661C0E9AB0003BE00B /* Calculator.app */ = {isa = PBXFileReference; explicitFileType = wrapper.application; includeInIndex = 0; path = Calculator.app; sourceTree = BUILT_PRODUCTS_DIR; };
		765A5E691C0E9AB0003BE00B /* AppDelegate.swift */ = {isa = PBXFileReference; lastKnownFileType = sourcecode.swift; path = AppDelegate.swift; sourceTree = "<group>"; };
		765A5E6B1C0E9AB0003BE00B /* ViewController.swift */ = {isa = PBXFileReference; lastKnownFileType = sourcecode.swift; path = ViewController.swift; sourceTree = "<group>"; };
		765A5E6E1C0E9AB0003BE00B /* Base */ = {isa = PBXFileReference; lastKnownFileType = file.storyboard; name = Base; path = Base.lproj/Main.storyboard; sourceTree = "<group>"; };
		765A5E701C0E9AB0003BE00B /* Assets.xcassets */ = {isa = PBXFileReference; lastKnownFileType = folder.assetcatalog; path = Assets.xcassets; sourceTree = "<group>"; };
		765A5E731C0E9AB0003BE00B /* Base */ = {isa = PBXFileReference; lastKnownFileType = file.storyboard; name = Base; path = Base.lproj/LaunchScreen.storyboard; sourceTree = "<group>"; };
		765A5E751C0E9AB0003BE00B /* Info.plist */ = {isa = PBXFileReference; lastKnownFileType = text.plist.xml; path = Info.plist; sourceTree = "<group>"; };
		765A5E7A1C0E9AB0003BE00B /* CalculatorTests.xctest */ = {isa = PBXFileReference; explicitFileType = wrapper.cfbundle; includeInIndex = 0; path = CalculatorTests.xctest; sourceTree = BUILT_PRODUCTS_DIR; };
		765A5E7E1C0E9AB0003BE00B /* CalculatorTests.swift */ = {isa = PBXFileReference; lastKnownFileType = sourcecode.swift; path = CalculatorTests.swift; sourceTree = "<group>"; };
		765A5E801C0E9AB0003BE00B /* Info.plist */ = {isa = PBXFileReference; lastKnownFileType = text.plist.xml; path = Info.plist; sourceTree = "<group>"; };
		765A5E851C0E9AB0003BE00B /* CalculatorUITests.xctest */ = {isa = PBXFileReference; explicitFileType = wrapper.cfbundle; includeInIndex = 0; path = CalculatorUITests.xctest; sourceTree = BUILT_PRODUCTS_DIR; };
		765A5E891C0E9AB0003BE00B /* CalculatorUITests.swift */ = {isa = PBXFileReference; lastKnownFileType = sourcecode.swift; path = CalculatorUITests.swift; sourceTree = "<group>"; };
		765A5E8B1C0E9AB0003BE00B /* Info.plist */ = {isa = PBXFileReference; lastKnownFileType = text.plist.xml; path = Info.plist; sourceTree = "<group>"; };
		765A5E971C0EA066003BE00B /* CalBtn.swift */ = {isa = PBXFileReference; fileEncoding = 4; lastKnownFileType = sourcecode.swift; path = CalBtn.swift; sourceTree = "<group>"; };
/* End PBXFileReference section */

/* Begin PBXFrameworksBuildPhase section */
		765A5E631C0E9AB0003BE00B /* Frameworks */ = {
			isa = PBXFrameworksBuildPhase;
			buildActionMask = 2147483647;
			files = (
			);
			runOnlyForDeploymentPostprocessing = 0;
		};
		765A5E771C0E9AB0003BE00B /* Frameworks */ = {
			isa = PBXFrameworksBuildPhase;
			buildActionMask = 2147483647;
			files = (
			);
			runOnlyForDeploymentPostprocessing = 0;
		};
		765A5E821C0E9AB0003BE00B /* Frameworks */ = {
			isa = PBXFrameworksBuildPhase;
			buildActionMask = 2147483647;
			files = (
			);
			runOnlyForDeploymentPostprocessing = 0;
		};
/* End PBXFrameworksBuildPhase section */

/* Begin PBXGroup section */
		765A5E5D1C0E9AB0003BE00B = {
			isa = PBXGroup;
			children = (
				765A5E681C0E9AB0003BE00B /* Calculator */,
				765A5E7D1C0E9AB0003BE00B /* CalculatorTests */,
				765A5E881C0E9AB0003BE00B /* CalculatorUITests */,
				765A5E671C0E9AB0003BE00B /* Products */,
			);
			sourceTree = "<group>";
		};
		765A5E671C0E9AB0003BE00B /* Products */ = {
			isa = PBXGroup;
			children = (
				765A5E661C0E9AB0003BE00B /* Calculator.app */,
				765A5E7A1C0E9AB0003BE00B /* CalculatorTests.xctest */,
				765A5E851C0E9AB0003BE00B /* CalculatorUITests.xctest */,
			);
			name = Products;
			sourceTree = "<group>";
		};
		765A5E681C0E9AB0003BE00B /* Calculator */ = {
			isa = PBXGroup;
			children = (
				765A5E691C0E9AB0003BE00B /* AppDelegate.swift */,
				765A5E6B1C0E9AB0003BE00B /* ViewController.swift */,
				765A5E6D1C0E9AB0003BE00B /* Main.storyboard */,
				765A5E701C0E9AB0003BE00B /* Assets.xcassets */,
				765A5E721C0E9AB0003BE00B /* LaunchScreen.storyboard */,
				765A5E751C0E9AB0003BE00B /* Info.plist */,
				765A5E971C0EA066003BE00B /* CalBtn.swift */,
				760FCB891C0EDFF200D2119A /* CalBtnOrange.swift */,
				760FCB8B1C0EE22E00D2119A /* MathButton.swift */,
			);
			path = Calculator;
			sourceTree = "<group>";
		};
		765A5E7D1C0E9AB0003BE00B /* CalculatorTests */ = {
			isa = PBXGroup;
			children = (
				765A5E7E1C0E9AB0003BE00B /* CalculatorTests.swift */,
				765A5E801C0E9AB0003BE00B /* Info.plist */,
			);
			path = CalculatorTests;
			sourceTree = "<group>";
		};
		765A5E881C0E9AB0003BE00B /* CalculatorUITests */ = {
			isa = PBXGroup;
			children = (
				765A5E891C0E9AB0003BE00B /* CalculatorUITests.swift */,
				765A5E8B1C0E9AB0003BE00B /* Info.plist */,
			);
			path = CalculatorUITests;
			sourceTree = "<group>";
		};
/* End PBXGroup section */

/* Begin PBXNativeTarget section */
		765A5E651C0E9AB0003BE00B /* Calculator */ = {
			isa = PBXNativeTarget;
			buildConfigurationList = 765A5E8E1C0E9AB0003BE00B /* Build configuration list for PBXNativeTarget "Calculator" */;
			buildPhases = (
				765A5E621C0E9AB0003BE00B /* Sources */,
				765A5E631C0E9AB0003BE00B /* Frameworks */,
				765A5E641C0E9AB0003BE00B /* Resources */,
			);
			buildRules = (
			);
			dependencies = (
			);
			name = Calculator;
			productName = Calculator;
			productReference = 765A5E661C0E9AB0003BE00B /* Calculator.app */;
			productType = "com.apple.product-type.application";
		};
		765A5E791C0E9AB0003BE00B /* CalculatorTests */ = {
			isa = PBXNativeTarget;
			buildConfigurationList = 765A5E911C0E9AB0003BE00B /* Build configuration list for PBXNativeTarget "CalculatorTests" */;
			buildPhases = (
				765A5E761C0E9AB0003BE00B /* Sources */,
				765A5E771C0E9AB0003BE00B /* Frameworks */,
				765A5E781C0E9AB0003BE00B /* Resources */,
			);
			buildRules = (
			);
			dependencies = (
				765A5E7C1C0E9AB0003BE00B /* PBXTargetDependency */,
			);
			name = CalculatorTests;
			productName = CalculatorTests;
			productReference = 765A5E7A1C0E9AB0003BE00B /* CalculatorTests.xctest */;
			productType = "com.apple.product-type.bundle.unit-test";
		};
		765A5E841C0E9AB0003BE00B /* CalculatorUITests */ = {
			isa = PBXNativeTarget;
			buildConfigurationList = 765A5E941C0E9AB0003BE00B /* Build configuration list for PBXNativeTarget "CalculatorUITests" */;
			buildPhases = (
				765A5E811C0E9AB0003BE00B /* Sources */,
				765A5E821C0E9AB0003BE00B /* Frameworks */,
				765A5E831C0E9AB0003BE00B /* Resources */,
			);
			buildRules = (
			);
			dependencies = (
				765A5E871C0E9AB0003BE00B /* PBXTargetDependency */,
			);
			name = CalculatorUITests;
			productName = CalculatorUITests;
			productReference = 765A5E851C0E9AB0003BE00B /* CalculatorUITests.xctest */;
			productType = "com.apple.product-type.bundle.ui-testing";
		};
/* End PBXNativeTarget section */

/* Begin PBXProject section */
		765A5E5E1C0E9AB0003BE00B /* Project object */ = {
			isa = PBXProject;
			attributes = {
				LastSwiftUpdateCheck = 0710;
				LastUpgradeCheck = 0710;
				ORGANIZATIONNAME = slyak;
				TargetAttributes = {
					765A5E651C0E9AB0003BE00B = {
						CreatedOnToolsVersion = 7.1.1;
						DevelopmentTeam = 2WA3LM556V;
					};
					765A5E791C0E9AB0003BE00B = {
						CreatedOnToolsVersion = 7.1.1;
						DevelopmentTeam = 2WA3LM556V;
						TestTargetID = 765A5E651C0E9AB0003BE00B;
					};
					765A5E841C0E9AB0003BE00B = {
						CreatedOnToolsVersion = 7.1.1;
						DevelopmentTeam = 2WA3LM556V;
						TestTargetID = 765A5E651C0E9AB0003BE00B;
					};
				};
			};
			buildConfigurationList = 765A5E611C0E9AB0003BE00B /* Build configuration list for PBXProject "Calculator" */;
			compatibilityVersion = "Xcode 3.2";
			developmentRegion = English;
			hasScannedForEncodings = 0;
			knownRegions = (
				en,
				Base,
			);
			mainGroup = 765A5E5D1C0E9AB0003BE00B;
			productRefGroup = 765A5E671C0E9AB0003BE00B /* Products */;
			projectDirPath = "";
			projectRoot = "";
			targets = (
				765A5E651C0E9AB0003BE00B /* Calculator */,
				765A5E791C0E9AB0003BE00B /* CalculatorTests */,
				765A5E841C0E9AB0003BE00B /* CalculatorUITests */,
			);
		};
/* End PBXProject section */

/* Begin PBXResourcesBuildPhase section */
		765A5E641C0E9AB0003BE00B /* Resources */ = {
			isa = PBXResourcesBuildPhase;
			buildActionMask = 2147483647;
			files = (
				765A5E741C0E9AB0003BE00B /* LaunchScreen.storyboard in Resources */,
				765A5E711C0E9AB0003BE00B /* Assets.xcassets in Resources */,
				765A5E6F1C0E9AB0003BE00B /* Main.storyboard in Resources */,
			);
			runOnlyForDeploymentPostprocessing = 0;
		};
		765A5E781C0E9AB0003BE00B /* Resources */ = {
			isa = PBXResourcesBuildPhase;
			buildActionMask = 2147483647;
			files = (
			);
			runOnlyForDeploymentPostprocessing = 0;
		};
		765A5E831C0E9AB0003BE00B /* Resources */ = {
			isa = PBXResourcesBuildPhase;
			buildActionMask = 2147483647;
			files = (
			);
			runOnlyForDeploymentPostprocessing = 0;
		};
/* End PBXResourcesBuildPhase section */

/* Begin PBXSourcesBuildPhase section */
		765A5E621C0E9AB0003BE00B /* Sources */ = {
			isa = PBXSourcesBuildPhase;
			buildActionMask = 2147483647;
			files = (
				765A5E981C0EA066003BE00B /* CalBtn.swift in Sources */,
				760FCB8A1C0EDFF200D2119A /* CalBtnOrange.swift in Sources */,
				765A5E6C1C0E9AB0003BE00B /* ViewController.swift in Sources */,
				765A5E6A1C0E9AB0003BE00B /* AppDelegate.swift in Sources */,
				760FCB8C1C0EE22E00D2119A /* MathButton.swift in Sources */,
			);
			runOnlyForDeploymentPostprocessing = 0;
		};
		765A5E761C0E9AB0003BE00B /* Sources */ = {
			isa = PBXSourcesBuildPhase;
			buildActionMask = 2147483647;
			files = (
				765A5E7F1C0E9AB0003BE00B /* CalculatorTests.swift in Sources */,
			);
			runOnlyForDeploymentPostprocessing = 0;
		};
		765A5E811C0E9AB0003BE00B /* Sources */ = {
			isa = PBXSourcesBuildPhase;
			buildActionMask = 2147483647;
			files = (
				765A5E8A1C0E9AB0003BE00B /* CalculatorUITests.swift in Sources */,
			);
			runOnlyForDeploymentPostprocessing = 0;
		};
/* End PBXSourcesBuildPhase section */

/* Begin PBXTargetDependency section */
		765A5E7C1C0E9AB0003BE00B /* PBXTargetDependency */ = {
			isa = PBXTargetDependency;
			target = 765A5E651C0E9AB0003BE00B /* Calculator */;
			targetProxy = 765A5E7B1C0E9AB0003BE00B /* PBXContainerItemProxy */;
		};
		765A5E871C0E9AB0003BE00B /* PBXTargetDependency */ = {
			isa = PBXTargetDependency;
			target = 765A5E651C0E9AB0003BE00B /* Calculator */;
			targetProxy = 765A5E861C0E9AB0003BE00B /* PBXContainerItemProxy */;
		};
/* End PBXTargetDependency section */

/* Begin PBXVariantGroup section */
		765A5E6D1C0E9AB0003BE00B /* Main.storyboard */ = {
			isa = PBXVariantGroup;
			children = (
				765A5E6E1C0E9AB0003BE00B /* Base */,
			);
			name = Main.storyboard;
			sourceTree = "<group>";
		};
		765A5E721C0E9AB0003BE00B /* LaunchScreen.storyboard */ = {
			isa = PBXVariantGroup;
			children = (
				765A5E731C0E9AB0003BE00B /* Base */,
			);
			name = LaunchScreen.storyboard;
			sourceTree = "<group>";
		};
/* End PBXVariantGroup section */

/* Begin XCBuildConfiguration section */
		765A5E8C1C0E9AB0003BE00B /* Debug */ = {
			isa = XCBuildConfiguration;
			buildSettings = {
				ALWAYS_SEARCH_USER_PATHS = NO;
				CLANG_CXX_LANGUAGE_STANDARD = "gnu++0x";
				CLANG_CXX_LIBRARY = "libc++";
				CLANG_ENABLE_MODULES = YES;
				CLANG_ENABLE_OBJC_ARC = YES;
				CLANG_WARN_BOOL_CONVERSION = YES;
				CLANG_WARN_CONSTANT_CONVERSION = YES;
				CLANG_WARN_DIRECT_OBJC_ISA_USAGE = YES_ERROR;
				CLANG_WARN_EMPTY_BODY = YES;
				CLANG_WARN_ENUM_CONVERSION = YES;
				CLANG_WARN_INT_CONVERSION = YES;
				CLANG_WARN_OBJC_ROOT_CLASS = YES_ERROR;
				CLANG_WARN_UNREACHABLE_CODE = YES;
				CLANG_WARN__DUPLICATE_METHOD_MATCH = YES;
				"CODE_SIGN_IDENTITY[sdk=iphoneos*]" = "iPhone Developer";
				COPY_PHASE_STRIP = NO;
				DEBUG_INFORMATION_FORMAT = dwarf;
				ENABLE_STRICT_OBJC_MSGSEND = YES;
				ENABLE_TESTABILITY = YES;
				GCC_C_LANGUAGE_STANDARD = gnu99;
				GCC_DYNAMIC_NO_PIC = NO;
				GCC_NO_COMMON_BLOCKS = YES;
				GCC_OPTIMIZATION_LEVEL = 0;
				GCC_PREPROCESSOR_DEFINITIONS = (
					"DEBUG=1",
					"$(inherited)",
				);
				GCC_WARN_64_TO_32_BIT_CONVERSION = YES;
				GCC_WARN_ABOUT_RETURN_TYPE = YES_ERROR;
				GCC_WARN_UNDECLARED_SELECTOR = YES;
				GCC_WARN_UNINITIALIZED_AUTOS = YES_AGGRESSIVE;
				GCC_WARN_UNUSED_FUNCTION = YES;
				GCC_WARN_UNUSED_VARIABLE = YES;
				IPHONEOS_DEPLOYMENT_TARGET = 9.1;
				MTL_ENABLE_DEBUG_INFO = YES;
				ONLY_ACTIVE_ARCH = YES;
				SDKROOT = iphoneos;
				SWIFT_OPTIMIZATION_LEVEL = "-Onone";
			};
			name = Debug;
		};
		765A5E8D1C0E9AB0003BE00B /* Release */ = {
			isa = XCBuildConfiguration;
			buildSettings = {
				ALWAYS_SEARCH_USER_PATHS = NO;
				CLANG_CXX_LANGUAGE_STANDARD = "gnu++0x";
				CLANG_CXX_LIBRARY = "libc++";
				CLANG_ENABLE_MODULES = YES;
				CLANG_ENABLE_OBJC_ARC = YES;
				CLANG_WARN_BOOL_CONVERSION = YES;
				CLANG_WARN_CONSTANT_CONVERSION = YES;
				CLANG_WARN_DIRECT_OBJC_ISA_USAGE = YES_ERROR;
				CLANG_WARN_EMPTY_BODY = YES;
				CLANG_WARN_ENUM_CONVERSION = YES;
				CLANG_WARN_INT_CONVERSION = YES;
				CLANG_WARN_OBJC_ROOT_CLASS = YES_ERROR;
				CLANG_WARN_UNREACHABLE_CODE = YES;
				CLANG_WARN__DUPLICATE_METHOD_MATCH = YES;
				"CODE_SIGN_IDENTITY[sdk=iphoneos*]" = "iPhone Developer";
				COPY_PHASE_STRIP = NO;
				DEBUG_INFORMATION_FORMAT = "dwarf-with-dsym";
				ENABLE_NS_ASSERTIONS = NO;
				ENABLE_STRICT_OBJC_MSGSEND = YES;
				GCC_C_LANGUAGE_STANDARD = gnu99;
				GCC_NO_COMMON_BLOCKS = YES;
				GCC_WARN_64_TO_32_BIT_CONVERSION = YES;
				GCC_WARN_ABOUT_RETURN_TYPE = YES_ERROR;
				GCC_WARN_UNDECLARED_SELECTOR = YES;
				GCC_WARN_UNINITIALIZED_AUTOS = YES_AGGRESSIVE;
				GCC_WARN_UNUSED_FUNCTION = YES;
				GCC_WARN_UNUSED_VARIABLE = YES;
				IPHONEOS_DEPLOYMENT_TARGET = 9.1;
				MTL_ENABLE_DEBUG_INFO = NO;
				SDKROOT = iphoneos;
				VALIDATE_PRODUCT = YES;
			};
			name = Release;
		};
		765A5E8F1C0E9AB0003BE00B /* Debug */ = {
			isa = XCBuildConfiguration;
			buildSettings = {
				ASSETCATALOG_COMPILER_APPICON_NAME = AppIcon;
				INFOPLIST_FILE = Calculator/Info.plist;
				LD_RUNPATH_SEARCH_PATHS = "$(inherited) @executable_path/Frameworks";
				PRODUCT_BUNDLE_IDENTIFIER = com.slyak.Calculator;
				PRODUCT_NAME = "$(TARGET_NAME)";
			};
			name = Debug;
		};
		765A5E901C0E9AB0003BE00B /* Release */ = {
			isa = XCBuildConfiguration;
			buildSettings = {
				ASSETCATALOG_COMPILER_APPICON_NAME = AppIcon;
				INFOPLIST_FILE = Calculator/Info.plist;
				LD_RUNPATH_SEARCH_PATHS = "$(inherited) @executable_path/Frameworks";
				PRODUCT_BUNDLE_IDENTIFIER = com.slyak.Calculator;
				PRODUCT_NAME = "$(TARGET_NAME)";
			};
			name = Release;
		};
		765A5E921C0E9AB0003BE00B /* Debug */ = {
			isa = XCBuildConfiguration;
			buildSettings = {
				BUNDLE_LOADER = "$(TEST_HOST)";
				INFOPLIST_FILE = CalculatorTests/Info.plist;
				LD_RUNPATH_SEARCH_PATHS = "$(inherited) @executable_path/Frameworks @loader_path/Frameworks";
				PRODUCT_BUNDLE_IDENTIFIER = com.slyak.CalculatorTests;
				PRODUCT_NAME = "$(TARGET_NAME)";
				TEST_HOST = "$(BUILT_PRODUCTS_DIR)/Calculator.app/Calculator";
			};
			name = Debug;
		};
		765A5E931C0E9AB0003BE00B /* Release */ = {
			isa = XCBuildConfiguration;
			buildSettings = {
				BUNDLE_LOADER = "$(TEST_HOST)";
				INFOPLIST_FILE = CalculatorTests/Info.plist;
				LD_RUNPATH_SEARCH_PATHS = "$(inherited) @executable_path/Frameworks @loader_path/Frameworks";
				PRODUCT_BUNDLE_IDENTIFIER = com.slyak.CalculatorTests;
				PRODUCT_NAME = "$(TARGET_NAME)";
				TEST_HOST = "$(BUILT_PRODUCTS_DIR)/Calculator.app/Calculator";
			};
			name = Release;
		};
		765A5E951C0E9AB0003BE00B /* Debug */ = {
			isa = XCBuildConfiguration;
			buildSettings = {
				INFOPLIST_FILE = CalculatorUITests/Info.plist;
				LD_RUNPATH_SEARCH_PATHS = "$(inherited) @executable_path/Frameworks @loader_path/Frameworks";
				PRODUCT_BUNDLE_IDENTIFIER = com.slyak.CalculatorUITests;
				PRODUCT_NAME = "$(TARGET_NAME)";
				TEST_TARGET_NAME = Calculator;
				USES_XCTRUNNER = YES;
			};
			name = Debug;
		};
		765A5E961C0E9AB0003BE00B /* Release */ = {
			isa = XCBuildConfiguration;
			buildSettings = {
				INFOPLIST_FILE = CalculatorUITests/Info.plist;
				LD_RUNPATH_SEARCH_PATHS = "$(inherited) @executable_path/Frameworks @loader_path/Frameworks";
				PRODUCT_BUNDLE_IDENTIFIER = com.slyak.CalculatorUITests;
				PRODUCT_NAME = "$(TARGET_NAME)";
				TEST_TARGET_NAME = Calculator;
				USES_XCTRUNNER = YES;
			};
			name = Release;
		};
/* End XCBuildConfiguration section */

/* Begin XCConfigurationList section */
		765A5E611C0E9AB0003BE00B /* Build configuration list for PBXProject "Calculator" */ = {
			isa = XCConfigurationList;
			buildConfigurations = (
				765A5E8C1C0E9AB0003BE00B /* Debug */,
				765A5E8D1C0E9AB0003BE00B /* Release */,
			);
			defaultConfigurationIsVisible = 0;
			defaultConfigurationName = Release;
		};
		765A5E8E1C0E9AB0003BE00B /* Build configuration list for PBXNativeTarget "Calculator" */ = {
			isa = XCConfigurationList;
			buildConfigurations = (
				765A5E8F1C0E9AB0003BE00B /* Debug */,
				765A5E901C0E9AB0003BE00B /* Release */,
			);
			defaultConfigurationIsVisible = 0;
			defaultConfigurationName = Release;
		};
		765A5E911C0E9AB0003BE00B /* Build configuration list for PBXNativeTarget "CalculatorTests" */ = {
			isa = XCConfigurationList;
			buildConfigurations = (
				765A5E921C0E9AB0003BE00B /* Debug */,
				765A5E931C0E9AB0003BE00B /* Release */,
			);
			defaultConfigurationIsVisible = 0;
			defaultConfigurationName = Release;
		};
		765A5E941C0E9AB0003BE00B /* Build configuration list for PBXNativeTarget "CalculatorUITests" */ = {
			isa = XCConfigurationList;
			buildConfigurations = (
				765A5E951C0E9AB0003BE00B /* Debug */,
				765A5E961C0E9AB0003BE00B /* Release */,
			);
			defaultConfigurationIsVisible = 0;
			defaultConfigurationName = Release;
		};
/* End XCConfigurationList section */
	};
	rootObject = 765A5E5E1C0E9AB0003BE00B /* Project object */;
}
