// !$*UTF8*$!
{
	archiveVersion = 1;
	classes = {
	};
	objectVersion = 46;
	objects = {

/* Begin PBXBuildFile section */
		769120961C06DE3F0048A43D /* AppDelegate.swift in Sources */ = {isa = PBXBuildFile; fileRef = 769120951C06DE3F0048A43D /* AppDelegate.swift */; };
		769120981C06DE3F0048A43D /* ViewController.swift in Sources */ = {isa = PBXBuildFile; fileRef = 769120971C06DE3F0048A43D /* ViewController.swift */; };
		7691209B1C06DE3F0048A43D /* Main.storyboard in Resources */ = {isa = PBXBuildFile; fileRef = 769120991C06DE3F0048A43D /* Main.storyboard */; };
		7691209D1C06DE3F0048A43D /* Assets.xcassets in Resources */ = {isa = PBXBuildFile; fileRef = 7691209C1C06DE3F0048A43D /* Assets.xcassets */; };
		769120A01C06DE3F0048A43D /* LaunchScreen.storyboard in Resources */ = {isa = PBXBuildFile; fileRef = 7691209E1C06DE3F0048A43D /* LaunchScreen.storyboard */; };
		769120AB1C06DE3F0048A43D /* TableViewTests.swift in Sources */ = {isa = PBXBuildFile; fileRef = 769120AA1C06DE3F0048A43D /* TableViewTests.swift */; };
		769120B61C06DE3F0048A43D /* TableViewUITests.swift in Sources */ = {isa = PBXBuildFile; fileRef = 769120B51C06DE3F0048A43D /* TableViewUITests.swift */; };
/* End PBXBuildFile section */

/* Begin PBXContainerItemProxy section */
		769120A71C06DE3F0048A43D /* PBXContainerItemProxy */ = {
			isa = PBXContainerItemProxy;
			containerPortal = 7691208A1C06DE3F0048A43D /* Project object */;
			proxyType = 1;
			remoteGlobalIDString = 769120911C06DE3F0048A43D;
			remoteInfo = TableView;
		};
		769120B21C06DE3F0048A43D /* PBXContainerItemProxy */ = {
			isa = PBXContainerItemProxy;
			containerPortal = 7691208A1C06DE3F0048A43D /* Project object */;
			proxyType = 1;
			remoteGlobalIDString = 769120911C06DE3F0048A43D;
			remoteInfo = TableView;
		};
/* End PBXContainerItemProxy section */

/* Begin PBXFileReference section */
		769120921C06DE3F0048A43D /* TableView.app */ = {isa = PBXFileReference; explicitFileType = wrapper.application; includeInIndex = 0; path = TableView.app; sourceTree = BUILT_PRODUCTS_DIR; };
		769120951C06DE3F0048A43D /* AppDelegate.swift */ = {isa = PBXFileReference; lastKnownFileType = sourcecode.swift; path = AppDelegate.swift; sourceTree = "<group>"; };
		769120971C06DE3F0048A43D /* ViewController.swift */ = {isa = PBXFileReference; lastKnownFileType = sourcecode.swift; path = ViewController.swift; sourceTree = "<group>"; };
		7691209A1C06DE3F0048A43D /* Base */ = {isa = PBXFileReference; lastKnownFileType = file.storyboard; name = Base; path = Base.lproj/Main.storyboard; sourceTree = "<group>"; };
		7691209C1C06DE3F0048A43D /* Assets.xcassets */ = {isa = PBXFileReference; lastKnownFileType = folder.assetcatalog; path = Assets.xcassets; sourceTree = "<group>"; };
		7691209F1C06DE3F0048A43D /* Base */ = {isa = PBXFileReference; lastKnownFileType = file.storyboard; name = Base; path = Base.lproj/LaunchScreen.storyboard; sourceTree = "<group>"; };
		769120A11C06DE3F0048A43D /* Info.plist */ = {isa = PBXFileReference; lastKnownFileType = text.plist.xml; path = Info.plist; sourceTree = "<group>"; };
		769120A61C06DE3F0048A43D /* TableViewTests.xctest */ = {isa = PBXFileReference; explicitFileType = wrapper.cfbundle; includeInIndex = 0; path = TableViewTests.xctest; sourceTree = BUILT_PRODUCTS_DIR; };
		769120AA1C06DE3F0048A43D /* TableViewTests.swift */ = {isa = PBXFileReference; lastKnownFileType = sourcecode.swift; path = TableViewTests.swift; sourceTree = "<group>"; };
		769120AC1C06DE3F0048A43D /* Info.plist */ = {isa = PBXFileReference; lastKnownFileType = text.plist.xml; path = Info.plist; sourceTree = "<group>"; };
		769120B11C06DE3F0048A43D /* TableViewUITests.xctest */ = {isa = PBXFileReference; explicitFileType = wrapper.cfbundle; includeInIndex = 0; path = TableViewUITests.xctest; sourceTree = BUILT_PRODUCTS_DIR; };
		769120B51C06DE3F0048A43D /* TableViewUITests.swift */ = {isa = PBXFileReference; lastKnownFileType = sourcecode.swift; path = TableViewUITests.swift; sourceTree = "<group>"; };
		769120B71C06DE3F0048A43D /* Info.plist */ = {isa = PBXFileReference; lastKnownFileType = text.plist.xml; path = Info.plist; sourceTree = "<group>"; };
/* End PBXFileReference section */

/* Begin PBXFrameworksBuildPhase section */
		7691208F1C06DE3F0048A43D /* Frameworks */ = {
			isa = PBXFrameworksBuildPhase;
			buildActionMask = 2147483647;
			files = (
			);
			runOnlyForDeploymentPostprocessing = 0;
		};
		769120A31C06DE3F0048A43D /* Frameworks */ = {
			isa = PBXFrameworksBuildPhase;
			buildActionMask = 2147483647;
			files = (
			);
			runOnlyForDeploymentPostprocessing = 0;
		};
		769120AE1C06DE3F0048A43D /* Frameworks */ = {
			isa = PBXFrameworksBuildPhase;
			buildActionMask = 2147483647;
			files = (
			);
			runOnlyForDeploymentPostprocessing = 0;
		};
/* End PBXFrameworksBuildPhase section */

/* Begin PBXGroup section */
		769120891C06DE3F0048A43D = {
			isa = PBXGroup;
			children = (
				769120941C06DE3F0048A43D /* TableView */,
				769120A91C06DE3F0048A43D /* TableViewTests */,
				769120B41C06DE3F0048A43D /* TableViewUITests */,
				769120931C06DE3F0048A43D /* Products */,
			);
			sourceTree = "<group>";
		};
		769120931C06DE3F0048A43D /* Products */ = {
			isa = PBXGroup;
			children = (
				769120921C06DE3F0048A43D /* TableView.app */,
				769120A61C06DE3F0048A43D /* TableViewTests.xctest */,
				769120B11C06DE3F0048A43D /* TableViewUITests.xctest */,
			);
			name = Products;
			sourceTree = "<group>";
		};
		769120941C06DE3F0048A43D /* TableView */ = {
			isa = PBXGroup;
			children = (
				769120951C06DE3F0048A43D /* AppDelegate.swift */,
				769120971C06DE3F0048A43D /* ViewController.swift */,
				769120991C06DE3F0048A43D /* Main.storyboard */,
				7691209C1C06DE3F0048A43D /* Assets.xcassets */,
				7691209E1C06DE3F0048A43D /* LaunchScreen.storyboard */,
				769120A11C06DE3F0048A43D /* Info.plist */,
			);
			path = TableView;
			sourceTree = "<group>";
		};
		769120A91C06DE3F0048A43D /* TableViewTests */ = {
			isa = PBXGroup;
			children = (
				769120AA1C06DE3F0048A43D /* TableViewTests.swift */,
				769120AC1C06DE3F0048A43D /* Info.plist */,
			);
			path = TableViewTests;
			sourceTree = "<group>";
		};
		769120B41C06DE3F0048A43D /* TableViewUITests */ = {
			isa = PBXGroup;
			children = (
				769120B51C06DE3F0048A43D /* TableViewUITests.swift */,
				769120B71C06DE3F0048A43D /* Info.plist */,
			);
			path = TableViewUITests;
			sourceTree = "<group>";
		};
/* End PBXGroup section */

/* Begin PBXNativeTarget section */
		769120911C06DE3F0048A43D /* TableView */ = {
			isa = PBXNativeTarget;
			buildConfigurationList = 769120BA1C06DE3F0048A43D /* Build configuration list for PBXNativeTarget "TableView" */;
			buildPhases = (
				7691208E1C06DE3F0048A43D /* Sources */,
				7691208F1C06DE3F0048A43D /* Frameworks */,
				769120901C06DE3F0048A43D /* Resources */,
			);
			buildRules = (
			);
			dependencies = (
			);
			name = TableView;
			productName = TableView;
			productReference = 769120921C06DE3F0048A43D /* TableView.app */;
			productType = "com.apple.product-type.application";
		};
		769120A51C06DE3F0048A43D /* TableViewTests */ = {
			isa = PBXNativeTarget;
			buildConfigurationList = 769120BD1C06DE3F0048A43D /* Build configuration list for PBXNativeTarget "TableViewTests" */;
			buildPhases = (
				769120A21C06DE3F0048A43D /* Sources */,
				769120A31C06DE3F0048A43D /* Frameworks */,
				769120A41C06DE3F0048A43D /* Resources */,
			);
			buildRules = (
			);
			dependencies = (
				769120A81C06DE3F0048A43D /* PBXTargetDependency */,
			);
			name = TableViewTests;
			productName = TableViewTests;
			productReference = 769120A61C06DE3F0048A43D /* TableViewTests.xctest */;
			productType = "com.apple.product-type.bundle.unit-test";
		};
		769120B01C06DE3F0048A43D /* TableViewUITests */ = {
			isa = PBXNativeTarget;
			buildConfigurationList = 769120C01C06DE3F0048A43D /* Build configuration list for PBXNativeTarget "TableViewUITests" */;
			buildPhases = (
				769120AD1C06DE3F0048A43D /* Sources */,
				769120AE1C06DE3F0048A43D /* Frameworks */,
				769120AF1C06DE3F0048A43D /* Resources */,
			);
			buildRules = (
			);
			dependencies = (
				769120B31C06DE3F0048A43D /* PBXTargetDependency */,
			);
			name = TableViewUITests;
			productName = TableViewUITests;
			productReference = 769120B11C06DE3F0048A43D /* TableViewUITests.xctest */;
			productType = "com.apple.product-type.bundle.ui-testing";
		};
/* End PBXNativeTarget section */

/* Begin PBXProject section */
		7691208A1C06DE3F0048A43D /* Project object */ = {
			isa = PBXProject;
			attributes = {
				LastSwiftUpdateCheck = 0710;
				LastUpgradeCheck = 0710;
				ORGANIZATIONNAME = slyak;
				TargetAttributes = {
					769120911C06DE3F0048A43D = {
						CreatedOnToolsVersion = 7.1.1;
						DevelopmentTeam = 2WA3LM556V;
					};
					769120A51C06DE3F0048A43D = {
						CreatedOnToolsVersion = 7.1.1;
						DevelopmentTeam = 2WA3LM556V;
						TestTargetID = 769120911C06DE3F0048A43D;
					};
					769120B01C06DE3F0048A43D = {
						CreatedOnToolsVersion = 7.1.1;
						DevelopmentTeam = 2WA3LM556V;
						TestTargetID = 769120911C06DE3F0048A43D;
					};
				};
			};
			buildConfigurationList = 7691208D1C06DE3F0048A43D /* Build configuration list for PBXProject "TableView" */;
			compatibilityVersion = "Xcode 3.2";
			developmentRegion = English;
			hasScannedForEncodings = 0;
			knownRegions = (
				en,
				Base,
			);
			mainGroup = 769120891C06DE3F0048A43D;
			productRefGroup = 769120931C06DE3F0048A43D /* Products */;
			projectDirPath = "";
			projectRoot = "";
			targets = (
				769120911C06DE3F0048A43D /* TableView */,
				769120A51C06DE3F0048A43D /* TableViewTests */,
				769120B01C06DE3F0048A43D /* TableViewUITests */,
			);
		};
/* End PBXProject section */

/* Begin PBXResourcesBuildPhase section */
		769120901C06DE3F0048A43D /* Resources */ = {
			isa = PBXResourcesBuildPhase;
			buildActionMask = 2147483647;
			files = (
				769120A01C06DE3F0048A43D /* LaunchScreen.storyboard in Resources */,
				7691209D1C06DE3F0048A43D /* Assets.xcassets in Resources */,
				7691209B1C06DE3F0048A43D /* Main.storyboard in Resources */,
			);
			runOnlyForDeploymentPostprocessing = 0;
		};
		769120A41C06DE3F0048A43D /* Resources */ = {
			isa = PBXResourcesBuildPhase;
			buildActionMask = 2147483647;
			files = (
			);
			runOnlyForDeploymentPostprocessing = 0;
		};
		769120AF1C06DE3F0048A43D /* Resources */ = {
			isa = PBXResourcesBuildPhase;
			buildActionMask = 2147483647;
			files = (
			);
			runOnlyForDeploymentPostprocessing = 0;
		};
/* End PBXResourcesBuildPhase section */

/* Begin PBXSourcesBuildPhase section */
		7691208E1C06DE3F0048A43D /* Sources */ = {
			isa = PBXSourcesBuildPhase;
			buildActionMask = 2147483647;
			files = (
				769120981C06DE3F0048A43D /* ViewController.swift in Sources */,
				769120961C06DE3F0048A43D /* AppDelegate.swift in Sources */,
			);
			runOnlyForDeploymentPostprocessing = 0;
		};
		769120A21C06DE3F0048A43D /* Sources */ = {
			isa = PBXSourcesBuildPhase;
			buildActionMask = 2147483647;
			files = (
				769120AB1C06DE3F0048A43D /* TableViewTests.swift in Sources */,
			);
			runOnlyForDeploymentPostprocessing = 0;
		};
		769120AD1C06DE3F0048A43D /* Sources */ = {
			isa = PBXSourcesBuildPhase;
			buildActionMask = 2147483647;
			files = (
				769120B61C06DE3F0048A43D /* TableViewUITests.swift in Sources */,
			);
			runOnlyForDeploymentPostprocessing = 0;
		};
/* End PBXSourcesBuildPhase section */

/* Begin PBXTargetDependency section */
		769120A81C06DE3F0048A43D /* PBXTargetDependency */ = {
			isa = PBXTargetDependency;
			target = 769120911C06DE3F0048A43D /* TableView */;
			targetProxy = 769120A71C06DE3F0048A43D /* PBXContainerItemProxy */;
		};
		769120B31C06DE3F0048A43D /* PBXTargetDependency */ = {
			isa = PBXTargetDependency;
			target = 769120911C06DE3F0048A43D /* TableView */;
			targetProxy = 769120B21C06DE3F0048A43D /* PBXContainerItemProxy */;
		};
/* End PBXTargetDependency section */

/* Begin PBXVariantGroup section */
		769120991C06DE3F0048A43D /* Main.storyboard */ = {
			isa = PBXVariantGroup;
			children = (
				7691209A1C06DE3F0048A43D /* Base */,
			);
			name = Main.storyboard;
			sourceTree = "<group>";
		};
		7691209E1C06DE3F0048A43D /* LaunchScreen.storyboard */ = {
			isa = PBXVariantGroup;
			children = (
				7691209F1C06DE3F0048A43D /* Base */,
			);
			name = LaunchScreen.storyboard;
			sourceTree = "<group>";
		};
/* End PBXVariantGroup section */

/* Begin XCBuildConfiguration section */
		769120B81C06DE3F0048A43D /* Debug */ = {
			isa = XCBuildConfiguration;
			buildSettings = {
				ALWAYS_SEARCH_USER_PATHS = NO;
				CLANG_CXX_LANGUAGE_STANDARD = "gnu++0x";
				CLANG_CXX_LIBRARY = "libc++";
				CLANG_ENABLE_MODULES = YES;
				CLANG_ENABLE_OBJC_ARC = YES;
				CLANG_WARN_BOOL_CONVERSION = YES;
				CLANG_WARN_CONSTANT_CONVERSION = YES;
				CLANG_WARN_DIRECT_OBJC_ISA_USAGE = YES_ERROR;
				CLANG_WARN_EMPTY_BODY = YES;
				CLANG_WARN_ENUM_CONVERSION = YES;
				CLANG_WARN_INT_CONVERSION = YES;
				CLANG_WARN_OBJC_ROOT_CLASS = YES_ERROR;
				CLANG_WARN_UNREACHABLE_CODE = YES;
				CLANG_WARN__DUPLICATE_METHOD_MATCH = YES;
				"CODE_SIGN_IDENTITY[sdk=iphoneos*]" = "iPhone Developer";
				COPY_PHASE_STRIP = NO;
				DEBUG_INFORMATION_FORMAT = dwarf;
				ENABLE_STRICT_OBJC_MSGSEND = YES;
				ENABLE_TESTABILITY = YES;
				GCC_C_LANGUAGE_STANDARD = gnu99;
				GCC_DYNAMIC_NO_PIC = NO;
				GCC_NO_COMMON_BLOCKS = YES;
				GCC_OPTIMIZATION_LEVEL = 0;
				GCC_PREPROCESSOR_DEFINITIONS = (
					"DEBUG=1",
					"$(inherited)",
				);
				GCC_WARN_64_TO_32_BIT_CONVERSION = YES;
				GCC_WARN_ABOUT_RETURN_TYPE = YES_ERROR;
				GCC_WARN_UNDECLARED_SELECTOR = YES;
				GCC_WARN_UNINITIALIZED_AUTOS = YES_AGGRESSIVE;
				GCC_WARN_UNUSED_FUNCTION = YES;
				GCC_WARN_UNUSED_VARIABLE = YES;
				IPHONEOS_DEPLOYMENT_TARGET = 9.1;
				MTL_ENABLE_DEBUG_INFO = YES;
				ONLY_ACTIVE_ARCH = YES;
				SDKROOT = iphoneos;
				SWIFT_OPTIMIZATION_LEVEL = "-Onone";
			};
			name = Debug;
		};
		769120B91C06DE3F0048A43D /* Release */ = {
			isa = XCBuildConfiguration;
			buildSettings = {
				ALWAYS_SEARCH_USER_PATHS = NO;
				CLANG_CXX_LANGUAGE_STANDARD = "gnu++0x";
				CLANG_CXX_LIBRARY = "libc++";
				CLANG_ENABLE_MODULES = YES;
				CLANG_ENABLE_OBJC_ARC = YES;
				CLANG_WARN_BOOL_CONVERSION = YES;
				CLANG_WARN_CONSTANT_CONVERSION = YES;
				CLANG_WARN_DIRECT_OBJC_ISA_USAGE = YES_ERROR;
				CLANG_WARN_EMPTY_BODY = YES;
				CLANG_WARN_ENUM_CONVERSION = YES;
				CLANG_WARN_INT_CONVERSION = YES;
				CLANG_WARN_OBJC_ROOT_CLASS = YES_ERROR;
				CLANG_WARN_UNREACHABLE_CODE = YES;
				CLANG_WARN__DUPLICATE_METHOD_MATCH = YES;
				"CODE_SIGN_IDENTITY[sdk=iphoneos*]" = "iPhone Developer";
				COPY_PHASE_STRIP = NO;
				DEBUG_INFORMATION_FORMAT = "dwarf-with-dsym";
				ENABLE_NS_ASSERTIONS = NO;
				ENABLE_STRICT_OBJC_MSGSEND = YES;
				GCC_C_LANGUAGE_STANDARD = gnu99;
				GCC_NO_COMMON_BLOCKS = YES;
				GCC_WARN_64_TO_32_BIT_CONVERSION = YES;
				GCC_WARN_ABOUT_RETURN_TYPE = YES_ERROR;
				GCC_WARN_UNDECLARED_SELECTOR = YES;
				GCC_WARN_UNINITIALIZED_AUTOS = YES_AGGRESSIVE;
				GCC_WARN_UNUSED_FUNCTION = YES;
				GCC_WARN_UNUSED_VARIABLE = YES;
				IPHONEOS_DEPLOYMENT_TARGET = 9.1;
				MTL_ENABLE_DEBUG_INFO = NO;
				SDKROOT = iphoneos;
				VALIDATE_PRODUCT = YES;
			};
			name = Release;
		};
		769120BB1C06DE3F0048A43D /* Debug */ = {
			isa = XCBuildConfiguration;
			buildSettings = {
				ASSETCATALOG_COMPILER_APPICON_NAME = AppIcon;
				INFOPLIST_FILE = TableView/Info.plist;
				LD_RUNPATH_SEARCH_PATHS = "$(inherited) @executable_path/Frameworks";
				PRODUCT_BUNDLE_IDENTIFIER = com.slyak.TableView;
				PRODUCT_NAME = "$(TARGET_NAME)";
			};
			name = Debug;
		};
		769120BC1C06DE3F0048A43D /* Release */ = {
			isa = XCBuildConfiguration;
			buildSettings = {
				ASSETCATALOG_COMPILER_APPICON_NAME = AppIcon;
				INFOPLIST_FILE = TableView/Info.plist;
				LD_RUNPATH_SEARCH_PATHS = "$(inherited) @executable_path/Frameworks";
				PRODUCT_BUNDLE_IDENTIFIER = com.slyak.TableView;
				PRODUCT_NAME = "$(TARGET_NAME)";
			};
			name = Release;
		};
		769120BE1C06DE3F0048A43D /* Debug */ = {
			isa = XCBuildConfiguration;
			buildSettings = {
				BUNDLE_LOADER = "$(TEST_HOST)";
				INFOPLIST_FILE = TableViewTests/Info.plist;
				LD_RUNPATH_SEARCH_PATHS = "$(inherited) @executable_path/Frameworks @loader_path/Frameworks";
				PRODUCT_BUNDLE_IDENTIFIER = com.slyak.TableViewTests;
				PRODUCT_NAME = "$(TARGET_NAME)";
				TEST_HOST = "$(BUILT_PRODUCTS_DIR)/TableView.app/TableView";
			};
			name = Debug;
		};
		769120BF1C06DE3F0048A43D /* Release */ = {
			isa = XCBuildConfiguration;
			buildSettings = {
				BUNDLE_LOADER = "$(TEST_HOST)";
				INFOPLIST_FILE = TableViewTests/Info.plist;
				LD_RUNPATH_SEARCH_PATHS = "$(inherited) @executable_path/Frameworks @loader_path/Frameworks";
				PRODUCT_BUNDLE_IDENTIFIER = com.slyak.TableViewTests;
				PRODUCT_NAME = "$(TARGET_NAME)";
				TEST_HOST = "$(BUILT_PRODUCTS_DIR)/TableView.app/TableView";
			};
			name = Release;
		};
		769120C11C06DE3F0048A43D /* Debug */ = {
			isa = XCBuildConfiguration;
			buildSettings = {
				INFOPLIST_FILE = TableViewUITests/Info.plist;
				LD_RUNPATH_SEARCH_PATHS = "$(inherited) @executable_path/Frameworks @loader_path/Frameworks";
				PRODUCT_BUNDLE_IDENTIFIER = com.slyak.TableViewUITests;
				PRODUCT_NAME = "$(TARGET_NAME)";
				TEST_TARGET_NAME = TableView;
				USES_XCTRUNNER = YES;
			};
			name = Debug;
		};
		769120C21C06DE3F0048A43D /* Release */ = {
			isa = XCBuildConfiguration;
			buildSettings = {
				INFOPLIST_FILE = TableViewUITests/Info.plist;
				LD_RUNPATH_SEARCH_PATHS = "$(inherited) @executable_path/Frameworks @loader_path/Frameworks";
				PRODUCT_BUNDLE_IDENTIFIER = com.slyak.TableViewUITests;
				PRODUCT_NAME = "$(TARGET_NAME)";
				TEST_TARGET_NAME = TableView;
				USES_XCTRUNNER = YES;
			};
			name = Release;
		};
/* End XCBuildConfiguration section */

/* Begin XCConfigurationList section */
		7691208D1C06DE3F0048A43D /* Build configuration list for PBXProject "TableView" */ = {
			isa = XCConfigurationList;
			buildConfigurations = (
				769120B81C06DE3F0048A43D /* Debug */,
				769120B91C06DE3F0048A43D /* Release */,
			);
			defaultConfigurationIsVisible = 0;
			defaultConfigurationName = Release;
		};
		769120BA1C06DE3F0048A43D /* Build configuration list for PBXNativeTarget "TableView" */ = {
			isa = XCConfigurationList;
			buildConfigurations = (
				769120BB1C06DE3F0048A43D /* Debug */,
				769120BC1C06DE3F0048A43D /* Release */,
			);
			defaultConfigurationIsVisible = 0;
		};
		769120BD1C06DE3F0048A43D /* Build configuration list for PBXNativeTarget "TableViewTests" */ = {
			isa = XCConfigurationList;
			buildConfigurations = (
				769120BE1C06DE3F0048A43D /* Debug */,
				769120BF1C06DE3F0048A43D /* Release */,
			);
			defaultConfigurationIsVisible = 0;
		};
		769120C01C06DE3F0048A43D /* Build configuration list for PBXNativeTarget "TableViewUITests" */ = {
			isa = XCConfigurationList;
			buildConfigurations = (
				769120C11C06DE3F0048A43D /* Debug */,
				769120C21C06DE3F0048A43D /* Release */,
			);
			defaultConfigurationIsVisible = 0;
		};
/* End XCConfigurationList section */
	};
	rootObject = 7691208A1C06DE3F0048A43D /* Project object */;
}
