// !$*UTF8*$!
{
	archiveVersion = 1;
	classes = {
	};
	objectVersion = 46;
	objects = {

/* Begin PBXBuildFile section */
		6555F0AC900BE4D701340BDB /* TableViewUITests.swift in Sources */ = {isa = PBXBuildFile; fileRef = 6555FA25322010CB500D606F /* TableViewUITests.swift */; };
		6555F416749CBA78944247BC /* .gitignore in Resources */ = {isa = PBXBuildFile; fileRef = 6555F07B6C3EE0CEECC241F7 /* .gitignore */; };
		6555F4BF73C43AB1A4549723 /* ViewController.swift in Sources */ = {isa = PBXBuildFile; fileRef = 6555F343F97CCAA474F0FB86 /* ViewController.swift */; };
		6555F50F640615CBB66B6FF3 /* Assets.xcassets in Resources */ = {isa = PBXBuildFile; fileRef = 6555F8CFD68F6A73F7EE3199 /* Assets.xcassets */; };
		6555F67C14BCCFFF50FE70E5 /* Main.storyboard in Resources */ = {isa = PBXBuildFile; fileRef = 6555FD5EF8A717B0502FF1CB /* Main.storyboard */; };
		6555F6B2E8FD0FBF45243E3E /* Info.plist in Resources */ = {isa = PBXBuildFile; fileRef = 6555FF8BA75A3B9C3B8BF667 /* Info.plist */; };
		6555F6C25FE35BA67287A53B /* Info.plist in Resources */ = {isa = PBXBuildFile; fileRef = 6555F0CCD75D83665400F642 /* Info.plist */; };
		6555F8437D6CFCD27C642699 /* Info.plist in Resources */ = {isa = PBXBuildFile; fileRef = 6555F97D7843C1EEE8F1C10D /* Info.plist */; };
		6555FCF1C52397E0854974B4 /* AppDelegate.swift in Sources */ = {isa = PBXBuildFile; fileRef = 6555F90FBCDD95E7A0AF21E3 /* AppDelegate.swift */; };
		6555FD2F708FF89F5B501909 /* LaunchScreen.storyboard in Resources */ = {isa = PBXBuildFile; fileRef = 6555FCB68FB1BD02305C4B7B /* LaunchScreen.storyboard */; };
		6555FDAAD72631830DAE13A6 /* TableViewTests.swift in Sources */ = {isa = PBXBuildFile; fileRef = 6555F6A04E209F84E54D2DC8 /* TableViewTests.swift */; };
/* End PBXBuildFile section */

/* Begin PBXContainerItemProxy section */
		6555F2FB52CDA2CD6B5587E3 /* PBXContainerItemProxy */ = {
			isa = PBXContainerItemProxy;
			containerPortal = 6555F3A4B5289194CD0C92D8 /* Project object */;
			proxyType = 1;
			remoteGlobalIDString = 6555F2DE41FE3696EBDAC422;
			remoteInfo = TableView;
		};
		6555FCAF48638F04E058536C /* PBXContainerItemProxy */ = {
			isa = PBXContainerItemProxy;
			containerPortal = 6555F3A4B5289194CD0C92D8 /* Project object */;
			proxyType = 1;
			remoteGlobalIDString = 6555F2DE41FE3696EBDAC422;
			remoteInfo = TableView;
		};
/* End PBXContainerItemProxy section */

/* Begin PBXFileReference section */
		6555F07B6C3EE0CEECC241F7 /* .gitignore */ = {isa = PBXFileReference; lastKnownFileType = file.gitignore; path = .gitignore; sourceTree = "<group>"; };
		6555F0CCD75D83665400F642 /* Info.plist */ = {isa = PBXFileReference; lastKnownFileType = text.plist.info; path = Info.plist; sourceTree = "<group>"; };
		6555F18DB06E43674E014CFB /* Base */ = {isa = PBXFileReference; lastKnownFileType = file.storyboard; name = Base; path = Base.lproj/Main.storyboard; sourceTree = "<group>"; };
		6555F343F97CCAA474F0FB86 /* ViewController.swift */ = {isa = PBXFileReference; lastKnownFileType = sourcecode.swift; path = ViewController.swift; sourceTree = "<group>"; };
		6555F6A04E209F84E54D2DC8 /* TableViewTests.swift */ = {isa = PBXFileReference; lastKnownFileType = sourcecode.swift; path = TableViewTests.swift; sourceTree = "<group>"; };
		6555F8CFD68F6A73F7EE3199 /* Assets.xcassets */ = {isa = PBXFileReference; lastKnownFileType = folder.assetcatalog; path = Assets.xcassets; sourceTree = "<group>"; };
		6555F90FBCDD95E7A0AF21E3 /* AppDelegate.swift */ = {isa = PBXFileReference; lastKnownFileType = sourcecode.swift; path = AppDelegate.swift; sourceTree = "<group>"; };
		6555F97D7843C1EEE8F1C10D /* Info.plist */ = {isa = PBXFileReference; lastKnownFileType = text.plist.info; path = Info.plist; sourceTree = "<group>"; };
		6555FA25322010CB500D606F /* TableViewUITests.swift */ = {isa = PBXFileReference; lastKnownFileType = sourcecode.swift; path = TableViewUITests.swift; sourceTree = "<group>"; };
		6555FB3EE9D9A65F4A0459B8 /* TableViewTests.xctest */ = {isa = PBXFileReference; explicitFileType = wrapper.cfbundle; includeInIndex = 0; path = TableViewTests.xctest; sourceTree = BUILT_PRODUCTS_DIR; };
		6555FB71F1FF23AEF2931FAB /* TableViewUITests.xctest */ = {isa = PBXFileReference; explicitFileType = wrapper.cfbundle; includeInIndex = 0; path = TableViewUITests.xctest; sourceTree = BUILT_PRODUCTS_DIR; };
		6555FDC540E25A9F2DD29352 /* TableView.app */ = {isa = PBXFileReference; explicitFileType = wrapper.application; includeInIndex = 0; path = TableView.app; sourceTree = BUILT_PRODUCTS_DIR; };
		6555FE0D53C4CEAC802C7549 /* Base */ = {isa = PBXFileReference; lastKnownFileType = file.storyboard; name = Base; path = Base.lproj/LaunchScreen.storyboard; sourceTree = "<group>"; };
		6555FF8BA75A3B9C3B8BF667 /* Info.plist */ = {isa = PBXFileReference; lastKnownFileType = text.plist.info; path = Info.plist; sourceTree = "<group>"; };
/* End PBXFileReference section */

/* Begin PBXFrameworksBuildPhase section */
		6555F487747A21657861D103 /* Frameworks */ = {
			isa = PBXFrameworksBuildPhase;
			buildActionMask = 2147483647;
			files = (
			);
			runOnlyForDeploymentPostprocessing = 0;
		};
		6555F828F6491DA11FB856C8 /* Frameworks */ = {
			isa = PBXFrameworksBuildPhase;
			buildActionMask = 2147483647;
			files = (
			);
			runOnlyForDeploymentPostprocessing = 0;
		};
		6555F9BF0499D90668B2A14A /* Frameworks */ = {
			isa = PBXFrameworksBuildPhase;
			buildActionMask = 2147483647;
			files = (
			);
			runOnlyForDeploymentPostprocessing = 0;
		};
/* End PBXFrameworksBuildPhase section */

/* Begin PBXGroup section */
		6555F0BE8F4C1D36A99C3B67 /* TableView */ = {
			isa = PBXGroup;
			children = (
				6555F97D7843C1EEE8F1C10D /* Info.plist */,
				6555F8CFD68F6A73F7EE3199 /* Assets.xcassets */,
				6555FCB68FB1BD02305C4B7B /* LaunchScreen.storyboard */,
				6555F90FBCDD95E7A0AF21E3 /* AppDelegate.swift */,
				6555FD5EF8A717B0502FF1CB /* Main.storyboard */,
				6555F343F97CCAA474F0FB86 /* ViewController.swift */,
			);
			path = TableView;
			sourceTree = "<group>";
		};
		6555F3FD41A482E974454A97 /* Products */ = {
			isa = PBXGroup;
			children = (
				6555FDC540E25A9F2DD29352 /* TableView.app */,
				6555FB3EE9D9A65F4A0459B8 /* TableViewTests.xctest */,
				6555FB71F1FF23AEF2931FAB /* TableViewUITests.xctest */,
			);
			name = Products;
			sourceTree = "<group>";
		};
		6555F6C69458D93D50DE2C8D = {
			isa = PBXGroup;
			children = (
				6555F3FD41A482E974454A97 /* Products */,
				6555F0BE8F4C1D36A99C3B67 /* TableView */,
				6555F8A8FD4E6D725D7941E9 /* TableViewTests */,
				6555FDC72B60970B6F0EA36B /* TableViewUITests */,
				6555F07B6C3EE0CEECC241F7 /* .gitignore */,
			);
			sourceTree = "<group>";
		};
		6555F8A8FD4E6D725D7941E9 /* TableViewTests */ = {
			isa = PBXGroup;
			children = (
				6555F0CCD75D83665400F642 /* Info.plist */,
				6555F6A04E209F84E54D2DC8 /* TableViewTests.swift */,
			);
			path = TableViewTests;
			sourceTree = "<group>";
		};
		6555FDC72B60970B6F0EA36B /* TableViewUITests */ = {
			isa = PBXGroup;
			children = (
				6555FF8BA75A3B9C3B8BF667 /* Info.plist */,
				6555FA25322010CB500D606F /* TableViewUITests.swift */,
			);
			path = TableViewUITests;
			sourceTree = "<group>";
		};
/* End PBXGroup section */

/* Begin PBXNativeTarget section */
		6555F0EF83A5427CFEFE4F8A /* TableViewUITests */ = {
			isa = PBXNativeTarget;
			buildConfigurationList = 6555F568C780BA35935E34EE /* Build configuration list for PBXNativeTarget "TableViewUITests" */;
			buildPhases = (
				6555F285000DFEC484E0984B /* Sources */,
				6555F9BF0499D90668B2A14A /* Frameworks */,
				6555F06442320166F89AF7A0 /* Resources */,
			);
			buildRules = (
			);
			dependencies = (
				6555FFDAA0D071D89A1F965A /* PBXTargetDependency */,
			);
			name = TableViewUITests;
			productName = TableViewUITests;
			productReference = 6555FB71F1FF23AEF2931FAB /* TableViewUITests.xctest */;
			productType = "com.apple.product-type.bundle.ui-testing";
		};
		6555F2DE41FE3696EBDAC422 /* TableView */ = {
			isa = PBXNativeTarget;
			buildConfigurationList = 6555F84FE070D530F092E881 /* Build configuration list for PBXNativeTarget "TableView" */;
			buildPhases = (
				6555FB90DFC3ED3F86F55597 /* Sources */,
				6555F487747A21657861D103 /* Frameworks */,
				6555FADF4E3BCB764EB2CE5F /* Resources */,
			);
			buildRules = (
			);
			dependencies = (
			);
			name = TableView;
			productName = TableView;
			productReference = 6555FDC540E25A9F2DD29352 /* TableView.app */;
			productType = "com.apple.product-type.application";
		};
		6555FA13E9A9A38BD3B64632 /* TableViewTests */ = {
			isa = PBXNativeTarget;
			buildConfigurationList = 6555FAD89D0C1E7C9598CD0B /* Build configuration list for PBXNativeTarget "TableViewTests" */;
			buildPhases = (
				6555FEFFD4826C0F2EDD7EF7 /* Sources */,
				6555F828F6491DA11FB856C8 /* Frameworks */,
				6555F0DFBAFC487DE0CBE9D1 /* Resources */,
			);
			buildRules = (
			);
			dependencies = (
				6555F6C587141B8628D872B6 /* PBXTargetDependency */,
			);
			name = TableViewTests;
			productName = TableViewTests;
			productReference = 6555FB3EE9D9A65F4A0459B8 /* TableViewTests.xctest */;
			productType = "com.apple.product-type.bundle.unit-test";
		};
/* End PBXNativeTarget section */

/* Begin PBXProject section */
		6555F3A4B5289194CD0C92D8 /* Project object */ = {
			isa = PBXProject;
			attributes = {
				ORGANIZATIONNAME = "___FULLUSERNAME___";
			};
			buildConfigurationList = 6555F4986106A58F940D005B /* Build configuration list for PBXProject "TableView" */;
			compatibilityVersion = "Xcode 3.2";
			developmentRegion = English;
			hasScannedForEncodings = 0;
			knownRegions = (
				en,
			);
			mainGroup = 6555F6C69458D93D50DE2C8D;
			productRefGroup = 6555F3FD41A482E974454A97 /* Products */;
			projectDirPath = "";
			projectRoot = "";
			targets = (
				6555F2DE41FE3696EBDAC422 /* TableView */,
				6555FA13E9A9A38BD3B64632 /* TableViewTests */,
				6555F0EF83A5427CFEFE4F8A /* TableViewUITests */,
			);
		};
/* End PBXProject section */

/* Begin PBXResourcesBuildPhase section */
		6555F06442320166F89AF7A0 /* Resources */ = {
			isa = PBXResourcesBuildPhase;
			buildActionMask = 2147483647;
			files = (
				6555F6B2E8FD0FBF45243E3E /* Info.plist in Resources */,
			);
			runOnlyForDeploymentPostprocessing = 0;
		};
		6555F0DFBAFC487DE0CBE9D1 /* Resources */ = {
			isa = PBXResourcesBuildPhase;
			buildActionMask = 2147483647;
			files = (
				6555F6C25FE35BA67287A53B /* Info.plist in Resources */,
			);
			runOnlyForDeploymentPostprocessing = 0;
		};
		6555FADF4E3BCB764EB2CE5F /* Resources */ = {
			isa = PBXResourcesBuildPhase;
			buildActionMask = 2147483647;
			files = (
				6555F8437D6CFCD27C642699 /* Info.plist in Resources */,
				6555F50F640615CBB66B6FF3 /* Assets.xcassets in Resources */,
				6555FD2F708FF89F5B501909 /* LaunchScreen.storyboard in Resources */,
				6555F67C14BCCFFF50FE70E5 /* Main.storyboard in Resources */,
				6555F416749CBA78944247BC /* .gitignore in Resources */,
			);
			runOnlyForDeploymentPostprocessing = 0;
		};
/* End PBXResourcesBuildPhase section */

/* Begin PBXSourcesBuildPhase section */
		6555F285000DFEC484E0984B /* Sources */ = {
			isa = PBXSourcesBuildPhase;
			buildActionMask = 2147483647;
			files = (
				6555F0AC900BE4D701340BDB /* TableViewUITests.swift in Sources */,
			);
			runOnlyForDeploymentPostprocessing = 0;
		};
		6555FB90DFC3ED3F86F55597 /* Sources */ = {
			isa = PBXSourcesBuildPhase;
			buildActionMask = 2147483647;
			files = (
				6555FCF1C52397E0854974B4 /* AppDelegate.swift in Sources */,
				6555F4BF73C43AB1A4549723 /* ViewController.swift in Sources */,
			);
			runOnlyForDeploymentPostprocessing = 0;
		};
		6555FEFFD4826C0F2EDD7EF7 /* Sources */ = {
			isa = PBXSourcesBuildPhase;
			buildActionMask = 2147483647;
			files = (
				6555FDAAD72631830DAE13A6 /* TableViewTests.swift in Sources */,
			);
			runOnlyForDeploymentPostprocessing = 0;
		};
/* End PBXSourcesBuildPhase section */

/* Begin PBXTargetDependency section */
		6555F6C587141B8628D872B6 /* PBXTargetDependency */ = {
			isa = PBXTargetDependency;
			target = 6555F2DE41FE3696EBDAC422 /* TableView */;
			targetProxy = 6555F2FB52CDA2CD6B5587E3 /* PBXContainerItemProxy */;
		};
		6555FFDAA0D071D89A1F965A /* PBXTargetDependency */ = {
			isa = PBXTargetDependency;
			target = 6555F2DE41FE3696EBDAC422 /* TableView */;
			targetProxy = 6555FCAF48638F04E058536C /* PBXContainerItemProxy */;
		};
/* End PBXTargetDependency section */

/* Begin PBXVariantGroup section */
		6555FCB68FB1BD02305C4B7B /* LaunchScreen.storyboard */ = {
			isa = PBXVariantGroup;
			children = (
				6555FE0D53C4CEAC802C7549 /* Base */,
			);
			name = LaunchScreen.storyboard;
			sourceTree = "<group>";
		};
		6555FD5EF8A717B0502FF1CB /* Main.storyboard */ = {
			isa = PBXVariantGroup;
			children = (
				6555F18DB06E43674E014CFB /* Base */,
			);
			name = Main.storyboard;
			sourceTree = "<group>";
		};
/* End PBXVariantGroup section */

/* Begin XCBuildConfiguration section */
		6555F142EE86FDDC9AA900C1 /* Debug */ = {
			isa = XCBuildConfiguration;
			buildSettings = {
				ALWAYS_SEARCH_USER_PATHS = NO;
				CLANG_CXX_LANGUAGE_STANDARD = "gnu++0x";
				CLANG_CXX_LIBRARY = "libc++";
				CLANG_ENABLE_MODULES = YES;
				CLANG_ENABLE_OBJC_ARC = YES;
				CLANG_WARN_BOOL_CONVERSION = YES;
				CLANG_WARN_CONSTANT_CONVERSION = YES;
				CLANG_WARN_DIRECT_OBJC_ISA_USAGE = YES_ERROR;
				CLANG_WARN_EMPTY_BODY = YES;
				CLANG_WARN_ENUM_CONVERSION = YES;
				CLANG_WARN_INT_CONVERSION = YES;
				CLANG_WARN_OBJC_ROOT_CLASS = YES_ERROR;
				CLANG_WARN_UNREACHABLE_CODE = YES;
				CLANG_WARN__DUPLICATE_METHOD_MATCH = YES;
				"CODE_SIGN_IDENTITY[sdk=iphoneos*]" = "iPhone Developer";
				COPY_PHASE_STRIP = NO;
				DEBUG_INFORMATION_FORMAT = dwarf;
				ENABLE_STRICT_OBJC_MSGSEND = YES;
				ENABLE_TESTABILITY = YES;
				GCC_C_LANGUAGE_STANDARD = gnu99;
				GCC_DYNAMIC_NO_PIC = NO;
				GCC_NO_COMMON_BLOCKS = YES;
				GCC_OPTIMIZATION_LEVEL = 0;
				GCC_PREPROCESSOR_DEFINITIONS = (
					"DEBUG=1",
					"$(inherited)",
				);
				GCC_WARN_64_TO_32_BIT_CONVERSION = YES;
				GCC_WARN_ABOUT_RETURN_TYPE = YES_ERROR;
				GCC_WARN_UNDECLARED_SELECTOR = YES;
				GCC_WARN_UNINITIALIZED_AUTOS = YES_AGGRESSIVE;
				GCC_WARN_UNUSED_FUNCTION = YES;
				GCC_WARN_UNUSED_VARIABLE = YES;
				IPHONEOS_DEPLOYMENT_TARGET = 9.1;
				MTL_ENABLE_DEBUG_INFO = YES;
				ONLY_ACTIVE_ARCH = YES;
				SDKROOT = iphoneos;
				SWIFT_OPTIMIZATION_LEVEL = "-Onone";
				TARGETED_DEVICE_FAMILY = "1,2";
			};
			name = Debug;
		};
		6555F2856C97BE329D64353F /* Debug */ = {
			isa = XCBuildConfiguration;
			buildSettings = {
				BUNDLE_LOADER = "$(BUILT_PRODUCTS_DIR)/TableView.app/TableView";
				INFOPLIST_FILE = TableViewUITests/Info.plist;
				LD_RUNPATH_SEARCH_PATHS = "$(inherited) @executable_path/Frameworks @loader_path/Frameworks";
				PRODUCT_BUNDLE_IDENTIFIER = com.slyak.TableViewUITests;
				PRODUCT_NAME = "$(TARGET_NAME)";
				TEST_HOST = "$(BUNDLE_LOADER)";
			};
			name = Debug;
		};
		6555F3C6860871B94E91C0D1 /* Release */ = {
			isa = XCBuildConfiguration;
			buildSettings = {
				ASSETCATALOG_COMPILER_APPICON_NAME = AppIcon;
				INFOPLIST_FILE = TableView/Info.plist;
				LD_RUNPATH_SEARCH_PATHS = "$(inherited) @executable_path/Frameworks";
				PRODUCT_BUNDLE_IDENTIFIER = com.slyak.TableView;
				PRODUCT_NAME = "$(TARGET_NAME)";
			};
			name = Release;
		};
		6555F41D9F526CE428572D5D /* Release */ = {
			isa = XCBuildConfiguration;
			buildSettings = {
				BUNDLE_LOADER = "$(BUILT_PRODUCTS_DIR)/TableView.app/TableView";
				INFOPLIST_FILE = TableViewTests/Info.plist;
				LD_RUNPATH_SEARCH_PATHS = "$(inherited) @executable_path/Frameworks @loader_path/Frameworks";
				PRODUCT_BUNDLE_IDENTIFIER = com.slyak.TableViewTests;
				PRODUCT_NAME = "$(TARGET_NAME)";
				TEST_HOST = "$(BUNDLE_LOADER)";
			};
			name = Release;
		};
		6555F433E2D3E5FD3B890D3E /* Debug */ = {
			isa = XCBuildConfiguration;
			buildSettings = {
				ASSETCATALOG_COMPILER_APPICON_NAME = AppIcon;
				INFOPLIST_FILE = TableView/Info.plist;
				LD_RUNPATH_SEARCH_PATHS = "$(inherited) @executable_path/Frameworks";
				PRODUCT_BUNDLE_IDENTIFIER = com.slyak.TableView;
				PRODUCT_NAME = "$(TARGET_NAME)";
			};
			name = Debug;
		};
		6555F6E586B8364820B13A77 /* Debug */ = {
			isa = XCBuildConfiguration;
			buildSettings = {
				BUNDLE_LOADER = "$(BUILT_PRODUCTS_DIR)/TableView.app/TableView";
				INFOPLIST_FILE = TableViewTests/Info.plist;
				LD_RUNPATH_SEARCH_PATHS = "$(inherited) @executable_path/Frameworks @loader_path/Frameworks";
				PRODUCT_BUNDLE_IDENTIFIER = com.slyak.TableViewTests;
				PRODUCT_NAME = "$(TARGET_NAME)";
				TEST_HOST = "$(BUNDLE_LOADER)";
			};
			name = Debug;
		};
		6555F71018C0BF62B6A1B23E /* Release */ = {
			isa = XCBuildConfiguration;
			buildSettings = {
				ALWAYS_SEARCH_USER_PATHS = NO;
				CLANG_CXX_LANGUAGE_STANDARD = "gnu++0x";
				CLANG_CXX_LIBRARY = "libc++";
				CLANG_ENABLE_MODULES = YES;
				CLANG_ENABLE_OBJC_ARC = YES;
				CLANG_WARN_BOOL_CONVERSION = YES;
				CLANG_WARN_CONSTANT_CONVERSION = YES;
				CLANG_WARN_DIRECT_OBJC_ISA_USAGE = YES_ERROR;
				CLANG_WARN_EMPTY_BODY = YES;
				CLANG_WARN_ENUM_CONVERSION = YES;
				CLANG_WARN_INT_CONVERSION = YES;
				CLANG_WARN_OBJC_ROOT_CLASS = YES_ERROR;
				CLANG_WARN_UNREACHABLE_CODE = YES;
				CLANG_WARN__DUPLICATE_METHOD_MATCH = YES;
				"CODE_SIGN_IDENTITY[sdk=iphoneos*]" = "iPhone Developer";
				COPY_PHASE_STRIP = NO;
				DEBUG_INFORMATION_FORMAT = "dwarf-with-dsym";
				ENABLE_NS_ASSERTIONS = NO;
				ENABLE_STRICT_OBJC_MSGSEND = YES;
				GCC_C_LANGUAGE_STANDARD = gnu99;
				GCC_NO_COMMON_BLOCKS = YES;
				GCC_WARN_64_TO_32_BIT_CONVERSION = YES;
				GCC_WARN_ABOUT_RETURN_TYPE = YES_ERROR;
				GCC_WARN_UNDECLARED_SELECTOR = YES;
				GCC_WARN_UNINITIALIZED_AUTOS = YES_AGGRESSIVE;
				GCC_WARN_UNUSED_FUNCTION = YES;
				GCC_WARN_UNUSED_VARIABLE = YES;
				IPHONEOS_DEPLOYMENT_TARGET = 9.1;
				MTL_ENABLE_DEBUG_INFO = NO;
				SDKROOT = iphoneos;
				TARGETED_DEVICE_FAMILY = "1,2";
				VALIDATE_PRODUCT = YES;
			};
			name = Release;
		};
		6555FFBDDE1119CBEDDBF262 /* Release */ = {
			isa = XCBuildConfiguration;
			buildSettings = {
				BUNDLE_LOADER = "$(BUILT_PRODUCTS_DIR)/TableView.app/TableView";
				INFOPLIST_FILE = TableViewUITests/Info.plist;
				LD_RUNPATH_SEARCH_PATHS = "$(inherited) @executable_path/Frameworks @loader_path/Frameworks";
				PRODUCT_BUNDLE_IDENTIFIER = com.slyak.TableViewUITests;
				PRODUCT_NAME = "$(TARGET_NAME)";
				TEST_HOST = "$(BUNDLE_LOADER)";
			};
			name = Release;
		};
/* End XCBuildConfiguration section */

/* Begin XCConfigurationList section */
		6555F4986106A58F940D005B /* Build configuration list for PBXProject "TableView" */ = {
			isa = XCConfigurationList;
			buildConfigurations = (
				6555F142EE86FDDC9AA900C1 /* Debug */,
				6555F71018C0BF62B6A1B23E /* Release */,
			);
			defaultConfigurationIsVisible = 0;
			defaultConfigurationName = Release;
		};
		6555F568C780BA35935E34EE /* Build configuration list for PBXNativeTarget "TableViewUITests" */ = {
			isa = XCConfigurationList;
			buildConfigurations = (
				6555F2856C97BE329D64353F /* Debug */,
				6555FFBDDE1119CBEDDBF262 /* Release */,
			);
			defaultConfigurationIsVisible = 0;
		};
		6555F84FE070D530F092E881 /* Build configuration list for PBXNativeTarget "TableView" */ = {
			isa = XCConfigurationList;
			buildConfigurations = (
				6555F433E2D3E5FD3B890D3E /* Debug */,
				6555F3C6860871B94E91C0D1 /* Release */,
			);
			defaultConfigurationIsVisible = 0;
		};
		6555FAD89D0C1E7C9598CD0B /* Build configuration list for PBXNativeTarget "TableViewTests" */ = {
			isa = XCConfigurationList;
			buildConfigurations = (
				6555F6E586B8364820B13A77 /* Debug */,
				6555F41D9F526CE428572D5D /* Release */,
			);
			defaultConfigurationIsVisible = 0;
		};
/* End XCConfigurationList section */
	};
	rootObject = 6555F3A4B5289194CD0C92D8 /* Project object */;
}
